// !$*UTF8*$!
{
	archiveVersion = 1;
	classes = {
	};
	objectVersion = 55;
	objects = {

/* Begin PBXBuildFile section */
		24AC96134B69E6597F4498D3 /* Pods_pod_bin_demo.framework in Frameworks */ = {isa = PBXBuildFile; fileRef = 0D5FA579AACC25A5E030E3A3 /* Pods_pod_bin_demo.framework */; };
		5B072FFC27BD058C00773AFC /* AppDelegate.m in Sources */ = {isa = PBXBuildFile; fileRef = 5B072FFB27BD058C00773AFC /* AppDelegate.m */; };
		5B072FFF27BD058C00773AFC /* SceneDelegate.m in Sources */ = {isa = PBXBuildFile; fileRef = 5B072FFE27BD058C00773AFC /* SceneDelegate.m */; };
		5B07300227BD058C00773AFC /* ViewController.m in Sources */ = {isa = PBXBuildFile; fileRef = 5B07300127BD058C00773AFC /* ViewController.m */; };
		5B07300527BD058C00773AFC /* Main.storyboard in Resources */ = {isa = PBXBuildFile; fileRef = 5B07300327BD058C00773AFC /* Main.storyboard */; };
		5B07300727BD058E00773AFC /* Assets.xcassets in Resources */ = {isa = PBXBuildFile; fileRef = 5B07300627BD058E00773AFC /* Assets.xcassets */; };
		5B07300A27BD058E00773AFC /* LaunchScreen.storyboard in Resources */ = {isa = PBXBuildFile; fileRef = 5B07300827BD058E00773AFC /* LaunchScreen.storyboard */; };
		5B07300D27BD058E00773AFC /* main.m in Sources */ = {isa = PBXBuildFile; fileRef = 5B07300C27BD058E00773AFC /* main.m */; };
/* End PBXBuildFile section */

/* Begin PBXFileReference section */
		0D5FA579AACC25A5E030E3A3 /* Pods_pod_bin_demo.framework */ = {isa = PBXFileReference; explicitFileType = wrapper.framework; includeInIndex = 0; path = Pods_pod_bin_demo.framework; sourceTree = BUILT_PRODUCTS_DIR; };
		0E90352BDE0A6F262F510E2A /* Pods-pod_bin_demo.release.xcconfig */ = {isa = PBXFileReference; includeInIndex = 1; lastKnownFileType = text.xcconfig; name = "Pods-pod_bin_demo.release.xcconfig"; path = "Target Support Files/Pods-pod_bin_demo/Pods-pod_bin_demo.release.xcconfig"; sourceTree = "<group>"; };
		309A2DDA1B278B98170774BA /* Pods-pod_bin_demo.debug.xcconfig */ = {isa = PBXFileReference; includeInIndex = 1; lastKnownFileType = text.xcconfig; name = "Pods-pod_bin_demo.debug.xcconfig"; path = "Target Support Files/Pods-pod_bin_demo/Pods-pod_bin_demo.debug.xcconfig"; sourceTree = "<group>"; };
		5B072FF727BD058C00773AFC /* pod_bin_demo.app */ = {isa = PBXFileReference; explicitFileType = wrapper.application; includeInIndex = 0; path = pod_bin_demo.app; sourceTree = BUILT_PRODUCTS_DIR; };
		5B072FFA27BD058C00773AFC /* AppDelegate.h */ = {isa = PBXFileReference; lastKnownFileType = sourcecode.c.h; path = AppDelegate.h; sourceTree = "<group>"; };
		5B072FFB27BD058C00773AFC /* AppDelegate.m */ = {isa = PBXFileReference; lastKnownFileType = sourcecode.c.objc; path = AppDelegate.m; sourceTree = "<group>"; };
		5B072FFD27BD058C00773AFC /* SceneDelegate.h */ = {isa = PBXFileReference; lastKnownFileType = sourcecode.c.h; path = SceneDelegate.h; sourceTree = "<group>"; };
		5B072FFE27BD058C00773AFC /* SceneDelegate.m */ = {isa = PBXFileReference; lastKnownFileType = sourcecode.c.objc; path = SceneDelegate.m; sourceTree = "<group>"; };
		5B07300027BD058C00773AFC /* ViewController.h */ = {isa = PBXFileReference; lastKnownFileType = sourcecode.c.h; path = ViewController.h; sourceTree = "<group>"; };
		5B07300127BD058C00773AFC /* ViewController.m */ = {isa = PBXFileReference; lastKnownFileType = sourcecode.c.objc; path = ViewController.m; sourceTree = "<group>"; };
		5B07300427BD058C00773AFC /* Base */ = {isa = PBXFileReference; lastKnownFileType = file.storyboard; name = Base; path = Base.lproj/Main.storyboard; sourceTree = "<group>"; };
		5B07300627BD058E00773AFC /* Assets.xcassets */ = {isa = PBXFileReference; lastKnownFileType = folder.assetcatalog; path = Assets.xcassets; sourceTree = "<group>"; };
		5B07300927BD058E00773AFC /* Base */ = {isa = PBXFileReference; lastKnownFileType = file.storyboard; name = Base; path = Base.lproj/LaunchScreen.storyboard; sourceTree = "<group>"; };
		5B07300B27BD058E00773AFC /* Info.plist */ = {isa = PBXFileReference; lastKnownFileType = text.plist.xml; path = Info.plist; sourceTree = "<group>"; };
		5B07300C27BD058E00773AFC /* main.m */ = {isa = PBXFileReference; lastKnownFileType = sourcecode.c.objc; path = main.m; sourceTree = "<group>"; };
/* End PBXFileReference section */

/* Begin PBXFrameworksBuildPhase section */
		5B072FF427BD058C00773AFC /* Frameworks */ = {
			isa = PBXFrameworksBuildPhase;
			buildActionMask = 2147483647;
			files = (
				24AC96134B69E6597F4498D3 /* Pods_pod_bin_demo.framework in Frameworks */,
			);
			runOnlyForDeploymentPostprocessing = 0;
		};
/* End PBXFrameworksBuildPhase section */

/* Begin PBXGroup section */
		0BF1593A2045A7575BF8BBF1 /* Frameworks */ = {
			isa = PBXGroup;
			children = (
				0D5FA579AACC25A5E030E3A3 /* Pods_pod_bin_demo.framework */,
			);
			name = Frameworks;
			sourceTree = "<group>";
		};
		5B072FEE27BD058C00773AFC = {
			isa = PBXGroup;
			children = (
				5B072FF927BD058C00773AFC /* pod_bin_demo */,
				5B072FF827BD058C00773AFC /* Products */,
				5EED63ECCE4197AC189D7B4E /* Pods */,
				0BF1593A2045A7575BF8BBF1 /* Frameworks */,
			);
			sourceTree = "<group>";
		};
		5B072FF827BD058C00773AFC /* Products */ = {
			isa = PBXGroup;
			children = (
				5B072FF727BD058C00773AFC /* pod_bin_demo.app */,
			);
			name = Products;
			sourceTree = "<group>";
		};
		5B072FF927BD058C00773AFC /* pod_bin_demo */ = {
			isa = PBXGroup;
			children = (
				5B072FFA27BD058C00773AFC /* AppDelegate.h */,
				5B072FFB27BD058C00773AFC /* AppDelegate.m */,
				5B072FFD27BD058C00773AFC /* SceneDelegate.h */,
				5B072FFE27BD058C00773AFC /* SceneDelegate.m */,
				5B07300027BD058C00773AFC /* ViewController.h */,
				5B07300127BD058C00773AFC /* ViewController.m */,
				5B07300327BD058C00773AFC /* Main.storyboard */,
				5B07300627BD058E00773AFC /* Assets.xcassets */,
				5B07300827BD058E00773AFC /* LaunchScreen.storyboard */,
				5B07300B27BD058E00773AFC /* Info.plist */,
				5B07300C27BD058E00773AFC /* main.m */,
			);
			path = pod_bin_demo;
			sourceTree = "<group>";
		};
		5EED63ECCE4197AC189D7B4E /* Pods */ = {
			isa = PBXGroup;
			children = (
				309A2DDA1B278B98170774BA /* Pods-pod_bin_demo.debug.xcconfig */,
				0E90352BDE0A6F262F510E2A /* Pods-pod_bin_demo.release.xcconfig */,
			);
			name = Pods;
			path = Pods;
			sourceTree = "<group>";
		};
/* End PBXGroup section */

/* Begin PBXNativeTarget section */
		5B072FF627BD058C00773AFC /* pod_bin_demo */ = {
			isa = PBXNativeTarget;
			buildConfigurationList = 5B07301027BD058E00773AFC /* Build configuration list for PBXNativeTarget "pod_bin_demo" */;
			buildPhases = (
				54492F03D3862AE04BCB756B /* [CP] Check Pods Manifest.lock */,
				5B072FF327BD058C00773AFC /* Sources */,
				5B072FF427BD058C00773AFC /* Frameworks */,
				5B072FF527BD058C00773AFC /* Resources */,
				0646F0D8A942FC8E36AF13F4 /* [CP] Embed Pods Frameworks */,
			);
			buildRules = (
			);
			dependencies = (
			);
			name = pod_bin_demo;
			productName = pod_bin_demo;
			productReference = 5B072FF727BD058C00773AFC /* pod_bin_demo.app */;
			productType = "com.apple.product-type.application";
		};
/* End PBXNativeTarget section */

/* Begin PBXProject section */
		5B072FEF27BD058C00773AFC /* Project object */ = {
			isa = PBXProject;
			attributes = {
				BuildIndependentTargetsInParallel = 1;
				LastUpgradeCheck = 1310;
				TargetAttributes = {
					5B072FF627BD058C00773AFC = {
						CreatedOnToolsVersion = 13.1;
					};
				};
			};
			buildConfigurationList = 5B072FF227BD058C00773AFC /* Build configuration list for PBXProject "pod_bin_demo" */;
			compatibilityVersion = "Xcode 13.0";
			developmentRegion = en;
			hasScannedForEncodings = 0;
			knownRegions = (
				en,
				Base,
			);
			mainGroup = 5B072FEE27BD058C00773AFC;
			productRefGroup = 5B072FF827BD058C00773AFC /* Products */;
			projectDirPath = "";
			projectRoot = "";
			targets = (
				5B072FF627BD058C00773AFC /* pod_bin_demo */,
			);
		};
/* End PBXProject section */

/* Begin PBXResourcesBuildPhase section */
		5B072FF527BD058C00773AFC /* Resources */ = {
			isa = PBXResourcesBuildPhase;
			buildActionMask = 2147483647;
			files = (
				5B07300A27BD058E00773AFC /* LaunchScreen.storyboard in Resources */,
				5B07300727BD058E00773AFC /* Assets.xcassets in Resources */,
				5B07300527BD058C00773AFC /* Main.storyboard in Resources */,
			);
			runOnlyForDeploymentPostprocessing = 0;
		};
/* End PBXResourcesBuildPhase section */

/* Begin PBXShellScriptBuildPhase section */
		0646F0D8A942FC8E36AF13F4 /* [CP] Embed Pods Frameworks */ = {
			isa = PBXShellScriptBuildPhase;
			buildActionMask = 2147483647;
			files = (
			);
			inputFileListPaths = (
				"${PODS_ROOT}/Target Support Files/Pods-pod_bin_demo/Pods-pod_bin_demo-frameworks-${CONFIGURATION}-input-files.xcfilelist",
			);
			name = "[CP] Embed Pods Frameworks";
			outputFileListPaths = (
				"${PODS_ROOT}/Target Support Files/Pods-pod_bin_demo/Pods-pod_bin_demo-frameworks-${CONFIGURATION}-output-files.xcfilelist",
			);
			runOnlyForDeploymentPostprocessing = 0;
			shellPath = /bin/sh;
			shellScript = "\"${PODS_ROOT}/Target Support Files/Pods-pod_bin_demo/Pods-pod_bin_demo-frameworks.sh\"\n";
			showEnvVarsInLog = 0;
		};
		54492F03D3862AE04BCB756B /* [CP] Check Pods Manifest.lock */ = {
			isa = PBXShellScriptBuildPhase;
			buildActionMask = 2147483647;
			files = (
			);
			inputFileListPaths = (
			);
			inputPaths = (
				"${PODS_PODFILE_DIR_PATH}/Podfile.lock",
				"${PODS_ROOT}/Manifest.lock",
			);
			name = "[CP] Check Pods Manifest.lock";
			outputFileListPaths = (
			);
			outputPaths = (
				"$(DERIVED_FILE_DIR)/Pods-pod_bin_demo-checkManifestLockResult.txt",
			);
			runOnlyForDeploymentPostprocessing = 0;
			shellPath = /bin/sh;
			shellScript = "diff \"${PODS_PODFILE_DIR_PATH}/Podfile.lock\" \"${PODS_ROOT}/Manifest.lock\" > /dev/null\nif [ $? != 0 ] ; then\n    # print error to STDERR\n    echo \"error: The sandbox is not in sync with the Podfile.lock. Run 'pod install' or update your CocoaPods installation.\" >&2\n    exit 1\nfi\n# This output is used by Xcode 'outputs' to avoid re-running this script phase.\necho \"SUCCESS\" > \"${SCRIPT_OUTPUT_FILE_0}\"\n";
			showEnvVarsInLog = 0;
		};
/* End PBXShellScriptBuildPhase section */

/* Begin PBXSourcesBuildPhase section */
		5B072FF327BD058C00773AFC /* Sources */ = {
			isa = PBXSourcesBuildPhase;
			buildActionMask = 2147483647;
			files = (
				5B07300227BD058C00773AFC /* ViewController.m in Sources */,
				5B072FFC27BD058C00773AFC /* AppDelegate.m in Sources */,
				5B07300D27BD058E00773AFC /* main.m in Sources */,
				5B072FFF27BD058C00773AFC /* SceneDelegate.m in Sources */,
			);
			runOnlyForDeploymentPostprocessing = 0;
		};
/* End PBXSourcesBuildPhase section */

/* Begin PBXVariantGroup section */
		5B07300327BD058C00773AFC /* Main.storyboard */ = {
			isa = PBXVariantGroup;
			children = (
				5B07300427BD058C00773AFC /* Base */,
			);
			name = Main.storyboard;
			sourceTree = "<group>";
		};
		5B07300827BD058E00773AFC /* LaunchScreen.storyboard */ = {
			isa = PBXVariantGroup;
			children = (
				5B07300927BD058E00773AFC /* Base */,
			);
			name = LaunchScreen.storyboard;
			sourceTree = "<group>";
		};
/* End PBXVariantGroup section */

/* Begin XCBuildConfiguration section */
		5B07300E27BD058E00773AFC /* Debug */ = {
			isa = XCBuildConfiguration;
			buildSettings = {
				ALWAYS_SEARCH_USER_PATHS = NO;
				CLANG_ANALYZER_NONNULL = YES;
				CLANG_ANALYZER_NUMBER_OBJECT_CONVERSION = YES_AGGRESSIVE;
				CLANG_CXX_LANGUAGE_STANDARD = "gnu++17";
				CLANG_CXX_LIBRARY = "libc++";
				CLANG_ENABLE_MODULES = YES;
				CLANG_ENABLE_OBJC_ARC = YES;
				CLANG_ENABLE_OBJC_WEAK = YES;
				CLANG_WARN_BLOCK_CAPTURE_AUTORELEASING = YES;
				CLANG_WARN_BOOL_CONVERSION = YES;
				CLANG_WARN_COMMA = YES;
				CLANG_WARN_CONSTANT_CONVERSION = YES;
				CLANG_WARN_DEPRECATED_OBJC_IMPLEMENTATIONS = YES;
				CLANG_WARN_DIRECT_OBJC_ISA_USAGE = YES_ERROR;
				CLANG_WARN_DOCUMENTATION_COMMENTS = YES;
				CLANG_WARN_EMPTY_BODY = YES;
				CLANG_WARN_ENUM_CONVERSION = YES;
				CLANG_WARN_INFINITE_RECURSION = YES;
				CLANG_WARN_INT_CONVERSION = YES;
				CLANG_WARN_NON_LITERAL_NULL_CONVERSION = YES;
				CLANG_WARN_OBJC_IMPLICIT_RETAIN_SELF = YES;
				CLANG_WARN_OBJC_LITERAL_CONVERSION = YES;
				CLANG_WARN_OBJC_ROOT_CLASS = YES_ERROR;
				CLANG_WARN_QUOTED_INCLUDE_IN_FRAMEWORK_HEADER = YES;
				CLANG_WARN_RANGE_LOOP_ANALYSIS = YES;
				CLANG_WARN_STRICT_PROTOTYPES = YES;
				CLANG_WARN_SUSPICIOUS_MOVE = YES;
				CLANG_WARN_UNGUARDED_AVAILABILITY = YES_AGGRESSIVE;
				CLANG_WARN_UNREACHABLE_CODE = YES;
				CLANG_WARN__DUPLICATE_METHOD_MATCH = YES;
				COPY_PHASE_STRIP = NO;
				DEBUG_INFORMATION_FORMAT = dwarf;
				ENABLE_STRICT_OBJC_MSGSEND = YES;
				ENABLE_TESTABILITY = YES;
				GCC_C_LANGUAGE_STANDARD = gnu11;
				GCC_DYNAMIC_NO_PIC = NO;
				GCC_NO_COMMON_BLOCKS = YES;
				GCC_OPTIMIZATION_LEVEL = 0;
				GCC_PREPROCESSOR_DEFINITIONS = (
					"DEBUG=1",
					"$(inherited)",
				);
				GCC_WARN_64_TO_32_BIT_CONVERSION = YES;
				GCC_WARN_ABOUT_RETURN_TYPE = YES_ERROR;
				GCC_WARN_UNDECLARED_SELECTOR = YES;
				GCC_WARN_UNINITIALIZED_AUTOS = YES_AGGRESSIVE;
				GCC_WARN_UNUSED_FUNCTION = YES;
				GCC_WARN_UNUSED_VARIABLE = YES;
				IPHONEOS_DEPLOYMENT_TARGET = 15.0;
				MTL_ENABLE_DEBUG_INFO = INCLUDE_SOURCE;
				MTL_FAST_MATH = YES;
				ONLY_ACTIVE_ARCH = YES;
				SDKROOT = iphoneos;
			};
			name = Debug;
		};
		5B07300F27BD058E00773AFC /* Release */ = {
			isa = XCBuildConfiguration;
			buildSettings = {
				ALWAYS_SEARCH_USER_PATHS = NO;
				CLANG_ANALYZER_NONNULL = YES;
				CLANG_ANALYZER_NUMBER_OBJECT_CONVERSION = YES_AGGRESSIVE;
				CLANG_CXX_LANGUAGE_STANDARD = "gnu++17";
				CLANG_CXX_LIBRARY = "libc++";
				CLANG_ENABLE_MODULES = YES;
				CLANG_ENABLE_OBJC_ARC = YES;
				CLANG_ENABLE_OBJC_WEAK = YES;
				CLANG_WARN_BLOCK_CAPTURE_AUTORELEASING = YES;
				CLANG_WARN_BOOL_CONVERSION = YES;
				CLANG_WARN_COMMA = YES;
				CLANG_WARN_CONSTANT_CONVERSION = YES;
				CLANG_WARN_DEPRECATED_OBJC_IMPLEMENTATIONS = YES;
				CLANG_WARN_DIRECT_OBJC_ISA_USAGE = YES_ERROR;
				CLANG_WARN_DOCUMENTATION_COMMENTS = YES;
				CLANG_WARN_EMPTY_BODY = YES;
				CLANG_WARN_ENUM_CONVERSION = YES;
				CLANG_WARN_INFINITE_RECURSION = YES;
				CLANG_WARN_INT_CONVERSION = YES;
				CLANG_WARN_NON_LITERAL_NULL_CONVERSION = YES;
				CLANG_WARN_OBJC_IMPLICIT_RETAIN_SELF = YES;
				CLANG_WARN_OBJC_LITERAL_CONVERSION = YES;
				CLANG_WARN_OBJC_ROOT_CLASS = YES_ERROR;
				CLANG_WARN_QUOTED_INCLUDE_IN_FRAMEWORK_HEADER = YES;
				CLANG_WARN_RANGE_LOOP_ANALYSIS = YES;
				CLANG_WARN_STRICT_PROTOTYPES = YES;
				CLANG_WARN_SUSPICIOUS_MOVE = YES;
				CLANG_WARN_UNGUARDED_AVAILABILITY = YES_AGGRESSIVE;
				CLANG_WARN_UNREACHABLE_CODE = YES;
				CLANG_WARN__DUPLICATE_METHOD_MATCH = YES;
				COPY_PHASE_STRIP = NO;
				DEBUG_INFORMATION_FORMAT = "dwarf-with-dsym";
				ENABLE_NS_ASSERTIONS = NO;
				ENABLE_STRICT_OBJC_MSGSEND = YES;
				GCC_C_LANGUAGE_STANDARD = gnu11;
				GCC_NO_COMMON_BLOCKS = YES;
				GCC_WARN_64_TO_32_BIT_CONVERSION = YES;
				GCC_WARN_ABOUT_RETURN_TYPE = YES_ERROR;
				GCC_WARN_UNDECLARED_SELECTOR = YES;
				GCC_WARN_UNINITIALIZED_AUTOS = YES_AGGRESSIVE;
				GCC_WARN_UNUSED_FUNCTION = YES;
				GCC_WARN_UNUSED_VARIABLE = YES;
				IPHONEOS_DEPLOYMENT_TARGET = 15.0;
				MTL_ENABLE_DEBUG_INFO = NO;
				MTL_FAST_MATH = YES;
				SDKROOT = iphoneos;
				VALIDATE_PRODUCT = YES;
			};
			name = Release;
		};
		5B07301127BD058E00773AFC /* Debug */ = {
			isa = XCBuildConfiguration;
			baseConfigurationReference = 309A2DDA1B278B98170774BA /* Pods-pod_bin_demo.debug.xcconfig */;
			buildSettings = {
				ASSETCATALOG_COMPILER_APPICON_NAME = AppIcon;
				ASSETCATALOG_COMPILER_GLOBAL_ACCENT_COLOR_NAME = AccentColor;
				CODE_SIGN_STYLE = Automatic;
				CURRENT_PROJECT_VERSION = 1;
				GENERATE_INFOPLIST_FILE = YES;
				INFOPLIST_FILE = pod_bin_demo/Info.plist;
				INFOPLIST_KEY_UIApplicationSupportsIndirectInputEvents = YES;
				INFOPLIST_KEY_UILaunchStoryboardName = LaunchScreen;
				INFOPLIST_KEY_UIMainStoryboardFile = Main;
				INFOPLIST_KEY_UISupportedInterfaceOrientations_iPad = "UIInterfaceOrientationPortrait UIInterfaceOrientationPortraitUpsideDown UIInterfaceOrientationLandscapeLeft UIInterfaceOrientationLandscapeRight";
				INFOPLIST_KEY_UISupportedInterfaceOrientations_iPhone = "UIInterfaceOrientationPortrait UIInterfaceOrientationLandscapeLeft UIInterfaceOrientationLandscapeRight";
				LD_RUNPATH_SEARCH_PATHS = (
					"$(inherited)",
					"@executable_path/Frameworks",
				);
				MARKETING_VERSION = 1.0;
				PRODUCT_BUNDLE_IDENTIFIER = "com.offcn.pod-bin-demo";
				PRODUCT_NAME = "$(TARGET_NAME)";
				SWIFT_EMIT_LOC_STRINGS = YES;
				TARGETED_DEVICE_FAMILY = "1,2";
			};
			name = Debug;
		};
		5B07301227BD058E00773AFC /* Release */ = {
			isa = XCBuildConfiguration;
			baseConfigurationReference = 0E90352BDE0A6F262F510E2A /* Pods-pod_bin_demo.release.xcconfig */;
			buildSettings = {
				ASSETCATALOG_COMPILER_APPICON_NAME = AppIcon;
				ASSETCATALOG_COMPILER_GLOBAL_ACCENT_COLOR_NAME = AccentColor;
				CODE_SIGN_STYLE = Automatic;
				CURRENT_PROJECT_VERSION = 1;
				GENERATE_INFOPLIST_FILE = YES;
				INFOPLIST_FILE = pod_bin_demo/Info.plist;
				INFOPLIST_KEY_UIApplicationSupportsIndirectInputEvents = YES;
				INFOPLIST_KEY_UILaunchStoryboardName = LaunchScreen;
				INFOPLIST_KEY_UIMainStoryboardFile = Main;
				INFOPLIST_KEY_UISupportedInterfaceOrientations_iPad = "UIInterfaceOrientationPortrait UIInterfaceOrientationPortraitUpsideDown UIInterfaceOrientationLandscapeLeft UIInterfaceOrientationLandscapeRight";
				INFOPLIST_KEY_UISupportedInterfaceOrientations_iPhone = "UIInterfaceOrientationPortrait UIInterfaceOrientationLandscapeLeft UIInterfaceOrientationLandscapeRight";
				LD_RUNPATH_SEARCH_PATHS = (
					"$(inherited)",
					"@executable_path/Frameworks",
				);
				MARKETING_VERSION = 1.0;
				PRODUCT_BUNDLE_IDENTIFIER = "com.offcn.pod-bin-demo";
				PRODUCT_NAME = "$(TARGET_NAME)";
				SWIFT_EMIT_LOC_STRINGS = YES;
				TARGETED_DEVICE_FAMILY = "1,2";
			};
			name = Release;
		};
/* End XCBuildConfiguration section */

/* Begin XCConfigurationList section */
		5B072FF227BD058C00773AFC /* Build configuration list for PBXProject "pod_bin_demo" */ = {
			isa = XCConfigurationList;
			buildConfigurations = (
				5B07300E27BD058E00773AFC /* Debug */,
				5B07300F27BD058E00773AFC /* Release */,
			);
			defaultConfigurationIsVisible = 0;
			defaultConfigurationName = Release;
		};
		5B07301027BD058E00773AFC /* Build configuration list for PBXNativeTarget "pod_bin_demo" */ = {
			isa = XCConfigurationList;
			buildConfigurations = (
				5B07301127BD058E00773AFC /* Debug */,
				5B07301227BD058E00773AFC /* Release */,
			);
			defaultConfigurationIsVisible = 0;
			defaultConfigurationName = Release;
		};
/* End XCConfigurationList section */
	};
	rootObject = 5B072FEF27BD058C00773AFC /* Project object */;
}
